
Microsoft Visual Studio Solution File, Format Version 12.00
# Visual Studio 2012
Project("{FAE04EC0-301F-11D3-BF4B-00C04F79EFBC}") = "doXgrabb3r", "doXgrabb3r\doXgrabb3r.csproj", "{EF72E080-D29D-4AB3-BEAD-38F4CBD12833}"
EndProject
Global
	GlobalSection(SolutionConfigurationPlatforms) = preSolution
		Debug|x86 = Debug|x86
		Release|x86 = Release|x86
	EndGlobalSection
	GlobalSection(ProjectConfigurationPlatforms) = postSolution
		{EF72E080-D29D-4AB3-BEAD-38F4CBD12833}.Debug|x86.ActiveCfg = Debug|x86
		{EF72E080-D29D-4AB3-BEAD-38F4CBD12833}.Debug|x86.Build.0 = Debug|x86
		{EF72E080-D29D-4AB3-BEAD-38F4CBD12833}.Release|x86.ActiveCfg = Release|x86
		{EF72E080-D29D-4AB3-BEAD-38F4CBD12833}.Release|x86.Build.0 = Release|x86
	EndGlobalSection
EndGlobal
